// !$*UTF8*$!
{
	archiveVersion = 1;
	classes = {
	};
	objectVersion = 50;
	objects = {

/* Begin PBXBuildFile section */
		ABADC6C12320BB2500350BA9 /* AppDelegate.m in Sources */ = {isa = PBXBuildFile; fileRef = ABADC6C02320BB2500350BA9 /* AppDelegate.m */; };
		ABADC6C42320BB2500350BA9 /* ViewController.m in Sources */ = {isa = PBXBuildFile; fileRef = ABADC6C32320BB2500350BA9 /* ViewController.m */; };
		ABADC6C72320BB2500350BA9 /* Main.storyboard in Resources */ = {isa = PBXBuildFile; fileRef = ABADC6C52320BB2500350BA9 /* Main.storyboard */; };
		ABADC6C92320BB2600350BA9 /* Assets.xcassets in Resources */ = {isa = PBXBuildFile; fileRef = ABADC6C82320BB2600350BA9 /* Assets.xcassets */; };
		ABADC6CC2320BB2600350BA9 /* LaunchScreen.storyboard in Resources */ = {isa = PBXBuildFile; fileRef = ABADC6CA2320BB2600350BA9 /* LaunchScreen.storyboard */; };
		ABADC6CF2320BB2700350BA9 /* main.m in Sources */ = {isa = PBXBuildFile; fileRef = ABADC6CE2320BB2700350BA9 /* main.m */; };
		ABADC6D92320BB2700350BA9 /* GCDTests.m in Sources */ = {isa = PBXBuildFile; fileRef = ABADC6D82320BB2700350BA9 /* GCDTests.m */; };
		ABADC6E42320BB2700350BA9 /* GCDUITests.m in Sources */ = {isa = PBXBuildFile; fileRef = ABADC6E32320BB2700350BA9 /* GCDUITests.m */; };
/* End PBXBuildFile section */

/* Begin PBXContainerItemProxy section */
		ABADC6D52320BB2700350BA9 /* PBXContainerItemProxy */ = {
			isa = PBXContainerItemProxy;
			containerPortal = ABADC6B42320BB2500350BA9 /* Project object */;
			proxyType = 1;
			remoteGlobalIDString = ABADC6BB2320BB2500350BA9;
			remoteInfo = GCD;
		};
		ABADC6E02320BB2700350BA9 /* PBXContainerItemProxy */ = {
			isa = PBXContainerItemProxy;
			containerPortal = ABADC6B42320BB2500350BA9 /* Project object */;
			proxyType = 1;
			remoteGlobalIDString = ABADC6BB2320BB2500350BA9;
			remoteInfo = GCD;
		};
/* End PBXContainerItemProxy section */

/* Begin PBXFileReference section */
		ABADC6BC2320BB2500350BA9 /* GCD.app */ = {isa = PBXFileReference; explicitFileType = wrapper.application; includeInIndex = 0; path = GCD.app; sourceTree = BUILT_PRODUCTS_DIR; };
		ABADC6BF2320BB2500350BA9 /* AppDelegate.h */ = {isa = PBXFileReference; lastKnownFileType = sourcecode.c.h; path = AppDelegate.h; sourceTree = "<group>"; };
		ABADC6C02320BB2500350BA9 /* AppDelegate.m */ = {isa = PBXFileReference; lastKnownFileType = sourcecode.c.objc; path = AppDelegate.m; sourceTree = "<group>"; };
		ABADC6C22320BB2500350BA9 /* ViewController.h */ = {isa = PBXFileReference; lastKnownFileType = sourcecode.c.h; path = ViewController.h; sourceTree = "<group>"; };
		ABADC6C32320BB2500350BA9 /* ViewController.m */ = {isa = PBXFileReference; lastKnownFileType = sourcecode.c.objc; path = ViewController.m; sourceTree = "<group>"; };
		ABADC6C62320BB2500350BA9 /* Base */ = {isa = PBXFileReference; lastKnownFileType = file.storyboard; name = Base; path = Base.lproj/Main.storyboard; sourceTree = "<group>"; };
		ABADC6C82320BB2600350BA9 /* Assets.xcassets */ = {isa = PBXFileReference; lastKnownFileType = folder.assetcatalog; path = Assets.xcassets; sourceTree = "<group>"; };
		ABADC6CB2320BB2600350BA9 /* Base */ = {isa = PBXFileReference; lastKnownFileType = file.storyboard; name = Base; path = Base.lproj/LaunchScreen.storyboard; sourceTree = "<group>"; };
		ABADC6CD2320BB2700350BA9 /* Info.plist */ = {isa = PBXFileReference; lastKnownFileType = text.plist.xml; path = Info.plist; sourceTree = "<group>"; };
		ABADC6CE2320BB2700350BA9 /* main.m */ = {isa = PBXFileReference; lastKnownFileType = sourcecode.c.objc; path = main.m; sourceTree = "<group>"; };
		ABADC6D42320BB2700350BA9 /* GCDTests.xctest */ = {isa = PBXFileReference; explicitFileType = wrapper.cfbundle; includeInIndex = 0; path = GCDTests.xctest; sourceTree = BUILT_PRODUCTS_DIR; };
		ABADC6D82320BB2700350BA9 /* GCDTests.m */ = {isa = PBXFileReference; lastKnownFileType = sourcecode.c.objc; path = GCDTests.m; sourceTree = "<group>"; };
		ABADC6DA2320BB2700350BA9 /* Info.plist */ = {isa = PBXFileReference; lastKnownFileType = text.plist.xml; path = Info.plist; sourceTree = "<group>"; };
		ABADC6DF2320BB2700350BA9 /* GCDUITests.xctest */ = {isa = PBXFileReference; explicitFileType = wrapper.cfbundle; includeInIndex = 0; path = GCDUITests.xctest; sourceTree = BUILT_PRODUCTS_DIR; };
		ABADC6E32320BB2700350BA9 /* GCDUITests.m */ = {isa = PBXFileReference; lastKnownFileType = sourcecode.c.objc; path = GCDUITests.m; sourceTree = "<group>"; };
		ABADC6E52320BB2700350BA9 /* Info.plist */ = {isa = PBXFileReference; lastKnownFileType = text.plist.xml; path = Info.plist; sourceTree = "<group>"; };
/* End PBXFileReference section */

/* Begin PBXFrameworksBuildPhase section */
		ABADC6B92320BB2500350BA9 /* Frameworks */ = {
			isa = PBXFrameworksBuildPhase;
			buildActionMask = 2147483647;
			files = (
			);
			runOnlyForDeploymentPostprocessing = 0;
		};
		ABADC6D12320BB2700350BA9 /* Frameworks */ = {
			isa = PBXFrameworksBuildPhase;
			buildActionMask = 2147483647;
			files = (
			);
			runOnlyForDeploymentPostprocessing = 0;
		};
		ABADC6DC2320BB2700350BA9 /* Frameworks */ = {
			isa = PBXFrameworksBuildPhase;
			buildActionMask = 2147483647;
			files = (
			);
			runOnlyForDeploymentPostprocessing = 0;
		};
/* End PBXFrameworksBuildPhase section */

/* Begin PBXGroup section */
		ABADC6B32320BB2500350BA9 = {
			isa = PBXGroup;
			children = (
				ABADC6BE2320BB2500350BA9 /* GCD */,
				ABADC6D72320BB2700350BA9 /* GCDTests */,
				ABADC6E22320BB2700350BA9 /* GCDUITests */,
				ABADC6BD2320BB2500350BA9 /* Products */,
			);
			sourceTree = "<group>";
		};
		ABADC6BD2320BB2500350BA9 /* Products */ = {
			isa = PBXGroup;
			children = (
				ABADC6BC2320BB2500350BA9 /* GCD.app */,
				ABADC6D42320BB2700350BA9 /* GCDTests.xctest */,
				ABADC6DF2320BB2700350BA9 /* GCDUITests.xctest */,
			);
			name = Products;
			sourceTree = "<group>";
		};
		ABADC6BE2320BB2500350BA9 /* GCD */ = {
			isa = PBXGroup;
			children = (
				ABADC6BF2320BB2500350BA9 /* AppDelegate.h */,
				ABADC6C02320BB2500350BA9 /* AppDelegate.m */,
				ABADC6C22320BB2500350BA9 /* ViewController.h */,
				ABADC6C32320BB2500350BA9 /* ViewController.m */,
				ABADC6C52320BB2500350BA9 /* Main.storyboard */,
				ABADC6C82320BB2600350BA9 /* Assets.xcassets */,
				ABADC6CA2320BB2600350BA9 /* LaunchScreen.storyboard */,
				ABADC6CD2320BB2700350BA9 /* Info.plist */,
				ABADC6CE2320BB2700350BA9 /* main.m */,
			);
			path = GCD;
			sourceTree = "<group>";
		};
		ABADC6D72320BB2700350BA9 /* GCDTests */ = {
			isa = PBXGroup;
			children = (
				ABADC6D82320BB2700350BA9 /* GCDTests.m */,
				ABADC6DA2320BB2700350BA9 /* Info.plist */,
			);
			path = GCDTests;
			sourceTree = "<group>";
		};
		ABADC6E22320BB2700350BA9 /* GCDUITests */ = {
			isa = PBXGroup;
			children = (
				ABADC6E32320BB2700350BA9 /* GCDUITests.m */,
				ABADC6E52320BB2700350BA9 /* Info.plist */,
			);
			path = GCDUITests;
			sourceTree = "<group>";
		};
/* End PBXGroup section */

/* Begin PBXNativeTarget section */
		ABADC6BB2320BB2500350BA9 /* GCD */ = {
			isa = PBXNativeTarget;
			buildConfigurationList = ABADC6E82320BB2700350BA9 /* Build configuration list for PBXNativeTarget "GCD" */;
			buildPhases = (
				ABADC6B82320BB2500350BA9 /* Sources */,
				ABADC6B92320BB2500350BA9 /* Frameworks */,
				ABADC6BA2320BB2500350BA9 /* Resources */,
			);
			buildRules = (
			);
			dependencies = (
			);
			name = GCD;
			productName = GCD;
			productReference = ABADC6BC2320BB2500350BA9 /* GCD.app */;
			productType = "com.apple.product-type.application";
		};
		ABADC6D32320BB2700350BA9 /* GCDTests */ = {
			isa = PBXNativeTarget;
			buildConfigurationList = ABADC6EB2320BB2700350BA9 /* Build configuration list for PBXNativeTarget "GCDTests" */;
			buildPhases = (
				ABADC6D02320BB2700350BA9 /* Sources */,
				ABADC6D12320BB2700350BA9 /* Frameworks */,
				ABADC6D22320BB2700350BA9 /* Resources */,
			);
			buildRules = (
			);
			dependencies = (
				ABADC6D62320BB2700350BA9 /* PBXTargetDependency */,
			);
			name = GCDTests;
			productName = GCDTests;
			productReference = ABADC6D42320BB2700350BA9 /* GCDTests.xctest */;
			productType = "com.apple.product-type.bundle.unit-test";
		};
		ABADC6DE2320BB2700350BA9 /* GCDUITests */ = {
			isa = PBXNativeTarget;
			buildConfigurationList = ABADC6EE2320BB2700350BA9 /* Build configuration list for PBXNativeTarget "GCDUITests" */;
			buildPhases = (
				ABADC6DB2320BB2700350BA9 /* Sources */,
				ABADC6DC2320BB2700350BA9 /* Frameworks */,
				ABADC6DD2320BB2700350BA9 /* Resources */,
			);
			buildRules = (
			);
			dependencies = (
				ABADC6E12320BB2700350BA9 /* PBXTargetDependency */,
			);
			name = GCDUITests;
			productName = GCDUITests;
			productReference = ABADC6DF2320BB2700350BA9 /* GCDUITests.xctest */;
			productType = "com.apple.product-type.bundle.ui-testing";
		};
/* End PBXNativeTarget section */

/* Begin PBXProject section */
		ABADC6B42320BB2500350BA9 /* Project object */ = {
			isa = PBXProject;
			attributes = {
				LastUpgradeCheck = 1010;
				ORGANIZATIONNAME = "周子和";
				TargetAttributes = {
					ABADC6BB2320BB2500350BA9 = {
						CreatedOnToolsVersion = 10.1;
					};
					ABADC6D32320BB2700350BA9 = {
						CreatedOnToolsVersion = 10.1;
						TestTargetID = ABADC6BB2320BB2500350BA9;
					};
					ABADC6DE2320BB2700350BA9 = {
						CreatedOnToolsVersion = 10.1;
						TestTargetID = ABADC6BB2320BB2500350BA9;
					};
				};
			};
			buildConfigurationList = ABADC6B72320BB2500350BA9 /* Build configuration list for PBXProject "GCD" */;
			compatibilityVersion = "Xcode 9.3";
			developmentRegion = en;
			hasScannedForEncodings = 0;
			knownRegions = (
				en,
				Base,
			);
			mainGroup = ABADC6B32320BB2500350BA9;
			productRefGroup = ABADC6BD2320BB2500350BA9 /* Products */;
			projectDirPath = "";
			projectRoot = "";
			targets = (
				ABADC6BB2320BB2500350BA9 /* GCD */,
				ABADC6D32320BB2700350BA9 /* GCDTests */,
				ABADC6DE2320BB2700350BA9 /* GCDUITests */,
			);
		};
/* End PBXProject section */

/* Begin PBXResourcesBuildPhase section */
		ABADC6BA2320BB2500350BA9 /* Resources */ = {
			isa = PBXResourcesBuildPhase;
			buildActionMask = 2147483647;
			files = (
				ABADC6CC2320BB2600350BA9 /* LaunchScreen.storyboard in Resources */,
				ABADC6C92320BB2600350BA9 /* Assets.xcassets in Resources */,
				ABADC6C72320BB2500350BA9 /* Main.storyboard in Resources */,
			);
			runOnlyForDeploymentPostprocessing = 0;
		};
		ABADC6D22320BB2700350BA9 /* Resources */ = {
			isa = PBXResourcesBuildPhase;
			buildActionMask = 2147483647;
			files = (
			);
			runOnlyForDeploymentPostprocessing = 0;
		};
		ABADC6DD2320BB2700350BA9 /* Resources */ = {
			isa = PBXResourcesBuildPhase;
			buildActionMask = 2147483647;
			files = (
			);
			runOnlyForDeploymentPostprocessing = 0;
		};
/* End PBXResourcesBuildPhase section */

/* Begin PBXSourcesBuildPhase section */
		ABADC6B82320BB2500350BA9 /* Sources */ = {
			isa = PBXSourcesBuildPhase;
			buildActionMask = 2147483647;
			files = (
				ABADC6C42320BB2500350BA9 /* ViewController.m in Sources */,
				ABADC6CF2320BB2700350BA9 /* main.m in Sources */,
				ABADC6C12320BB2500350BA9 /* AppDelegate.m in Sources */,
			);
			runOnlyForDeploymentPostprocessing = 0;
		};
		ABADC6D02320BB2700350BA9 /* Sources */ = {
			isa = PBXSourcesBuildPhase;
			buildActionMask = 2147483647;
			files = (
				ABADC6D92320BB2700350BA9 /* GCDTests.m in Sources */,
			);
			runOnlyForDeploymentPostprocessing = 0;
		};
		ABADC6DB2320BB2700350BA9 /* Sources */ = {
			isa = PBXSourcesBuildPhase;
			buildActionMask = 2147483647;
			files = (
				ABADC6E42320BB2700350BA9 /* GCDUITests.m in Sources */,
			);
			runOnlyForDeploymentPostprocessing = 0;
		};
/* End PBXSourcesBuildPhase section */

/* Begin PBXTargetDependency section */
		ABADC6D62320BB2700350BA9 /* PBXTargetDependency */ = {
			isa = PBXTargetDependency;
			target = ABADC6BB2320BB2500350BA9 /* GCD */;
			targetProxy = ABADC6D52320BB2700350BA9 /* PBXContainerItemProxy */;
		};
		ABADC6E12320BB2700350BA9 /* PBXTargetDependency */ = {
			isa = PBXTargetDependency;
			target = ABADC6BB2320BB2500350BA9 /* GCD */;
			targetProxy = ABADC6E02320BB2700350BA9 /* PBXContainerItemProxy */;
		};
/* End PBXTargetDependency section */

/* Begin PBXVariantGroup section */
		ABADC6C52320BB2500350BA9 /* Main.storyboard */ = {
			isa = PBXVariantGroup;
			children = (
				ABADC6C62320BB2500350BA9 /* Base */,
			);
			name = Main.storyboard;
			sourceTree = "<group>";
		};
		ABADC6CA2320BB2600350BA9 /* LaunchScreen.storyboard */ = {
			isa = PBXVariantGroup;
			children = (
				ABADC6CB2320BB2600350BA9 /* Base */,
			);
			name = LaunchScreen.storyboard;
			sourceTree = "<group>";
		};
/* End PBXVariantGroup section */

/* Begin XCBuildConfiguration section */
		ABADC6E62320BB2700350BA9 /* Debug */ = {
			isa = XCBuildConfiguration;
			buildSettings = {
				ALWAYS_SEARCH_USER_PATHS = NO;
				CLANG_ANALYZER_NONNULL = YES;
				CLANG_ANALYZER_NUMBER_OBJECT_CONVERSION = YES_AGGRESSIVE;
				CLANG_CXX_LANGUAGE_STANDARD = "gnu++14";
				CLANG_CXX_LIBRARY = "libc++";
				CLANG_ENABLE_MODULES = YES;
				CLANG_ENABLE_OBJC_ARC = YES;
				CLANG_ENABLE_OBJC_WEAK = YES;
				CLANG_WARN_BLOCK_CAPTURE_AUTORELEASING = YES;
				CLANG_WARN_BOOL_CONVERSION = YES;
				CLANG_WARN_COMMA = YES;
				CLANG_WARN_CONSTANT_CONVERSION = YES;
				CLANG_WARN_DEPRECATED_OBJC_IMPLEMENTATIONS = YES;
				CLANG_WARN_DIRECT_OBJC_ISA_USAGE = YES_ERROR;
				CLANG_WARN_DOCUMENTATION_COMMENTS = YES;
				CLANG_WARN_EMPTY_BODY = YES;
				CLANG_WARN_ENUM_CONVERSION = YES;
				CLANG_WARN_INFINITE_RECURSION = YES;
				CLANG_WARN_INT_CONVERSION = YES;
				CLANG_WARN_NON_LITERAL_NULL_CONVERSION = YES;
				CLANG_WARN_OBJC_IMPLICIT_RETAIN_SELF = YES;
				CLANG_WARN_OBJC_LITERAL_CONVERSION = YES;
				CLANG_WARN_OBJC_ROOT_CLASS = YES_ERROR;
				CLANG_WARN_RANGE_LOOP_ANALYSIS = YES;
				CLANG_WARN_STRICT_PROTOTYPES = YES;
				CLANG_WARN_SUSPICIOUS_MOVE = YES;
				CLANG_WARN_UNGUARDED_AVAILABILITY = YES_AGGRESSIVE;
				CLANG_WARN_UNREACHABLE_CODE = YES;
				CLANG_WARN__DUPLICATE_METHOD_MATCH = YES;
				CODE_SIGN_IDENTITY = "iPhone Developer";
				COPY_PHASE_STRIP = NO;
				DEBUG_INFORMATION_FORMAT = dwarf;
				ENABLE_STRICT_OBJC_MSGSEND = YES;
				ENABLE_TESTABILITY = YES;
				GCC_C_LANGUAGE_STANDARD = gnu11;
				GCC_DYNAMIC_NO_PIC = NO;
				GCC_NO_COMMON_BLOCKS = YES;
				GCC_OPTIMIZATION_LEVEL = 0;
				GCC_PREPROCESSOR_DEFINITIONS = (
					"DEBUG=1",
					"$(inherited)",
				);
				GCC_WARN_64_TO_32_BIT_CONVERSION = YES;
				GCC_WARN_ABOUT_RETURN_TYPE = YES_ERROR;
				GCC_WARN_UNDECLARED_SELECTOR = YES;
				GCC_WARN_UNINITIALIZED_AUTOS = YES_AGGRESSIVE;
				GCC_WARN_UNUSED_FUNCTION = YES;
				GCC_WARN_UNUSED_VARIABLE = YES;
				IPHONEOS_DEPLOYMENT_TARGET = 12.1;
				MTL_ENABLE_DEBUG_INFO = INCLUDE_SOURCE;
				MTL_FAST_MATH = YES;
				ONLY_ACTIVE_ARCH = YES;
				SDKROOT = iphoneos;
			};
			name = Debug;
		};
		ABADC6E72320BB2700350BA9 /* Release */ = {
			isa = XCBuildConfiguration;
			buildSettings = {
				ALWAYS_SEARCH_USER_PATHS = NO;
				CLANG_ANALYZER_NONNULL = YES;
				CLANG_ANALYZER_NUMBER_OBJECT_CONVERSION = YES_AGGRESSIVE;
				CLANG_CXX_LANGUAGE_STANDARD = "gnu++14";
				CLANG_CXX_LIBRARY = "libc++";
				CLANG_ENABLE_MODULES = YES;
				CLANG_ENABLE_OBJC_ARC = YES;
				CLANG_ENABLE_OBJC_WEAK = YES;
				CLANG_WARN_BLOCK_CAPTURE_AUTORELEASING = YES;
				CLANG_WARN_BOOL_CONVERSION = YES;
				CLANG_WARN_COMMA = YES;
				CLANG_WARN_CONSTANT_CONVERSION = YES;
				CLANG_WARN_DEPRECATED_OBJC_IMPLEMENTATIONS = YES;
				CLANG_WARN_DIRECT_OBJC_ISA_USAGE = YES_ERROR;
				CLANG_WARN_DOCUMENTATION_COMMENTS = YES;
				CLANG_WARN_EMPTY_BODY = YES;
				CLANG_WARN_ENUM_CONVERSION = YES;
				CLANG_WARN_INFINITE_RECURSION = YES;
				CLANG_WARN_INT_CONVERSION = YES;
				CLANG_WARN_NON_LITERAL_NULL_CONVERSION = YES;
				CLANG_WARN_OBJC_IMPLICIT_RETAIN_SELF = YES;
				CLANG_WARN_OBJC_LITERAL_CONVERSION = YES;
				CLANG_WARN_OBJC_ROOT_CLASS = YES_ERROR;
				CLANG_WARN_RANGE_LOOP_ANALYSIS = YES;
				CLANG_WARN_STRICT_PROTOTYPES = YES;
				CLANG_WARN_SUSPICIOUS_MOVE = YES;
				CLANG_WARN_UNGUARDED_AVAILABILITY = YES_AGGRESSIVE;
				CLANG_WARN_UNREACHABLE_CODE = YES;
				CLANG_WARN__DUPLICATE_METHOD_MATCH = YES;
				CODE_SIGN_IDENTITY = "iPhone Developer";
				COPY_PHASE_STRIP = NO;
				DEBUG_INFORMATION_FORMAT = "dwarf-with-dsym";
				ENABLE_NS_ASSERTIONS = NO;
				ENABLE_STRICT_OBJC_MSGSEND = YES;
				GCC_C_LANGUAGE_STANDARD = gnu11;
				GCC_NO_COMMON_BLOCKS = YES;
				GCC_WARN_64_TO_32_BIT_CONVERSION = YES;
				GCC_WARN_ABOUT_RETURN_TYPE = YES_ERROR;
				GCC_WARN_UNDECLARED_SELECTOR = YES;
				GCC_WARN_UNINITIALIZED_AUTOS = YES_AGGRESSIVE;
				GCC_WARN_UNUSED_FUNCTION = YES;
				GCC_WARN_UNUSED_VARIABLE = YES;
				IPHONEOS_DEPLOYMENT_TARGET = 12.1;
				MTL_ENABLE_DEBUG_INFO = NO;
				MTL_FAST_MATH = YES;
				SDKROOT = iphoneos;
				VALIDATE_PRODUCT = YES;
			};
			name = Release;
		};
		ABADC6E92320BB2700350BA9 /* Debug */ = {
			isa = XCBuildConfiguration;
			buildSettings = {
				ASSETCATALOG_COMPILER_APPICON_NAME = AppIcon;
				CODE_SIGN_STYLE = Automatic;
				DEVELOPMENT_TEAM = 76YV6FKE57;
				INFOPLIST_FILE = GCD/Info.plist;
				IPHONEOS_DEPLOYMENT_TARGET = 10.0;
				LD_RUNPATH_SEARCH_PATHS = (
					"$(inherited)",
					"@executable_path/Frameworks",
				);
				PRODUCT_BUNDLE_IDENTIFIER = com.zzh.Demo.GCD;
				PRODUCT_NAME = "$(TARGET_NAME)";
				TARGETED_DEVICE_FAMILY = "1,2";
			};
			name = Debug;
		};
		ABADC6EA2320BB2700350BA9 /* Release */ = {
			isa = XCBuildConfiguration;
			buildSettings = {
				ASSETCATALOG_COMPILER_APPICON_NAME = AppIcon;
				CODE_SIGN_STYLE = Automatic;
				DEVELOPMENT_TEAM = 76YV6FKE57;
				INFOPLIST_FILE = GCD/Info.plist;
				IPHONEOS_DEPLOYMENT_TARGET = 10.0;
				LD_RUNPATH_SEARCH_PATHS = (
					"$(inherited)",
					"@executable_path/Frameworks",
				);
				PRODUCT_BUNDLE_IDENTIFIER = com.zzh.Demo.GCD;
				PRODUCT_NAME = "$(TARGET_NAME)";
				TARGETED_DEVICE_FAMILY = "1,2";
			};
			name = Release;
		};
		ABADC6EC2320BB2700350BA9 /* Debug */ = {
			isa = XCBuildConfiguration;
			buildSettings = {
				BUNDLE_LOADER = "$(TEST_HOST)";
				CODE_SIGN_STYLE = Automatic;
				DEVELOPMENT_TEAM = 76YV6FKE57;
				INFOPLIST_FILE = GCDTests/Info.plist;
				LD_RUNPATH_SEARCH_PATHS = (
					"$(inherited)",
					"@executable_path/Frameworks",
					"@loader_path/Frameworks",
				);
				PRODUCT_BUNDLE_IDENTIFIER = com.zzh.Demo.GCDTests;
				PRODUCT_NAME = "$(TARGET_NAME)";
				TARGETED_DEVICE_FAMILY = "1,2";
				TEST_HOST = "$(BUILT_PRODUCTS_DIR)/GCD.app/GCD";
			};
			name = Debug;
		};
		ABADC6ED2320BB2700350BA9 /* Release */ = {
			isa = XCBuildConfiguration;
			buildSettings = {
				BUNDLE_LOADER = "$(TEST_HOST)";
				CODE_SIGN_STYLE = Automatic;
				DEVELOPMENT_TEAM = 76YV6FKE57;
				INFOPLIST_FILE = GCDTests/Info.plist;
				LD_RUNPATH_SEARCH_PATHS = (
					"$(inherited)",
					"@executable_path/Frameworks",
					"@loader_path/Frameworks",
				);
				PRODUCT_BUNDLE_IDENTIFIER = com.zzh.Demo.GCDTests;
				PRODUCT_NAME = "$(TARGET_NAME)";
				TARGETED_DEVICE_FAMILY = "1,2";
				TEST_HOST = "$(BUILT_PRODUCTS_DIR)/GCD.app/GCD";
			};
			name = Release;
		};
		ABADC6EF2320BB2700350BA9 /* Debug */ = {
			isa = XCBuildConfiguration;
			buildSettings = {
				CODE_SIGN_STYLE = Automatic;
				DEVELOPMENT_TEAM = 76YV6FKE57;
				INFOPLIST_FILE = GCDUITests/Info.plist;
				LD_RUNPATH_SEARCH_PATHS = (
					"$(inherited)",
					"@executable_path/Frameworks",
					"@loader_path/Frameworks",
				);
				PRODUCT_BUNDLE_IDENTIFIER = com.zzh.Demo.GCDUITests;
				PRODUCT_NAME = "$(TARGET_NAME)";
				TARGETED_DEVICE_FAMILY = "1,2";
				TEST_TARGET_NAME = GCD;
			};
			name = Debug;
		};
		ABADC6F02320BB2700350BA9 /* Release */ = {
			isa = XCBuildConfiguration;
			buildSettings = {
				CODE_SIGN_STYLE = Automatic;
				DEVELOPMENT_TEAM = 76YV6FKE57;
				INFOPLIST_FILE = GCDUITests/Info.plist;
				LD_RUNPATH_SEARCH_PATHS = (
					"$(inherited)",
					"@executable_path/Frameworks",
					"@loader_path/Frameworks",
				);
				PRODUCT_BUNDLE_IDENTIFIER = com.zzh.Demo.GCDUITests;
				PRODUCT_NAME = "$(TARGET_NAME)";
				TARGETED_DEVICE_FAMILY = "1,2";
				TEST_TARGET_NAME = GCD;
			};
			name = Release;
		};
/* End XCBuildConfiguration section */

/* Begin XCConfigurationList section */
		ABADC6B72320BB2500350BA9 /* Build configuration list for PBXProject "GCD" */ = {
			isa = XCConfigurationList;
			buildConfigurations = (
				ABADC6E62320BB2700350BA9 /* Debug */,
				ABADC6E72320BB2700350BA9 /* Release */,
			);
			defaultConfigurationIsVisible = 0;
			defaultConfigurationName = Release;
		};
		ABADC6E82320BB2700350BA9 /* Build configuration list for PBXNativeTarget "GCD" */ = {
			isa = XCConfigurationList;
			buildConfigurations = (
				ABADC6E92320BB2700350BA9 /* Debug */,
				ABADC6EA2320BB2700350BA9 /* Release */,
			);
			defaultConfigurationIsVisible = 0;
			defaultConfigurationName = Release;
		};
		ABADC6EB2320BB2700350BA9 /* Build configuration list for PBXNativeTarget "GCDTests" */ = {
			isa = XCConfigurationList;
			buildConfigurations = (
				ABADC6EC2320BB2700350BA9 /* Debug */,
				ABADC6ED2320BB2700350BA9 /* Release */,
			);
			defaultConfigurationIsVisible = 0;
			defaultConfigurationName = Release;
		};
		ABADC6EE2320BB2700350BA9 /* Build configuration list for PBXNativeTarget "GCDUITests" */ = {
			isa = XCConfigurationList;
			buildConfigurations = (
				ABADC6EF2320BB2700350BA9 /* Debug */,
				ABADC6F02320BB2700350BA9 /* Release */,
			);
			defaultConfigurationIsVisible = 0;
			defaultConfigurationName = Release;
		};
/* End XCConfigurationList section */
	};
	rootObject = ABADC6B42320BB2500350BA9 /* Project object */;
}
